
Microsoft Visual Studio Solution File, Format Version 12.00
# Visual Studio Version 17
VisualStudioVersion = 17.8.34322.80
MinimumVisualStudioVersion = 10.0.40219.1
Project("{9A19103F-16F7-4668-BE54-9A1E7A4F7556}") = "WebApp", "WebApp\WebApp.csproj", "{C570D6AD-1DE1-4092-9543-5AB2D5090A27}"
EndProject
Project("{2150E333-8FDC-42A3-9474-1A3956D46DE8}") = "Components", "Components", "{92B6752E-3E95-4953-B185-5844C7C1B1AB}"
EndProject
Project("{9A19103F-16F7-4668-BE54-9A1E7A4F7556}") = "Core", "Components\Core\Core.csproj", "{A79691AF-DDD4-43F6-9E8E-2F7EB520A9DB}"
EndProject
Project("{9A19103F-16F7-4668-BE54-9A1E7A4F7556}") = "Contracts", "Components\Contracts\Contracts.csproj", "{5EAFC9CA-3011-417B-8795-BAFE860CA4D7}"
EndProject
Project("{9A19103F-16F7-4668-BE54-9A1E7A4F7556}") = "DataStore.File", "Components\DataStore.LiteDB\DataStore.File.csproj", "{F9A744CD-6B7E-4FBE-BFC9-F1BC19A69EC5}"
EndProject
Project("{2150E333-8FDC-42A3-9474-1A3956D46DE8}") = "Docs", "Docs", "{8016A62C-F30F-4177-9D54-110C59FCB7AD}"
	ProjectSection(SolutionItems) = preProject
		Docs\TODOs.txt = Docs\TODOs.txt
	EndProjectSection
EndProject
Project("{2150E333-8FDC-42A3-9474-1A3956D46DE8}") = "Samples", "Samples", "{5E2B14B3-15E6-4661-B9A4-151C240C67E5}"
	ProjectSection(SolutionItems) = preProject
		Samples\SAMPLEDATA_FRITZBOX_2YEARS.csv = Samples\SAMPLEDATA_FRITZBOX_2YEARS.csv
		Samples\SAMPLEDATA_FRITZBOX_MONTH.csv = Samples\SAMPLEDATA_FRITZBOX_MONTH.csv
	EndProjectSection
EndProject
Project("{FAE04EC0-301F-11D3-BF4B-00C04F79EFBC}") = "DataImport.FritzBox", "Components\DataImport.FritzBox\DataImport.FritzBox.csproj", "{86045AFE-1149-4CD1-BB0D-2B277B41C3DE}"
EndProject
Global
	GlobalSection(SolutionConfigurationPlatforms) = preSolution
		Debug|Any CPU = Debug|Any CPU
		Release|Any CPU = Release|Any CPU
	EndGlobalSection
	GlobalSection(ProjectConfigurationPlatforms) = postSolution
		{C570D6AD-1DE1-4092-9543-5AB2D5090A27}.Debug|Any CPU.ActiveCfg = Debug|Any CPU
		{C570D6AD-1DE1-4092-9543-5AB2D5090A27}.Debug|Any CPU.Build.0 = Debug|Any CPU
		{C570D6AD-1DE1-4092-9543-5AB2D5090A27}.Release|Any CPU.ActiveCfg = Release|Any CPU
		{C570D6AD-1DE1-4092-9543-5AB2D5090A27}.Release|Any CPU.Build.0 = Release|Any CPU
		{A79691AF-DDD4-43F6-9E8E-2F7EB520A9DB}.Debug|Any CPU.ActiveCfg = Debug|Any CPU
		{A79691AF-DDD4-43F6-9E8E-2F7EB520A9DB}.Debug|Any CPU.Build.0 = Debug|Any CPU
		{A79691AF-DDD4-43F6-9E8E-2F7EB520A9DB}.Release|Any CPU.ActiveCfg = Release|Any CPU
		{A79691AF-DDD4-43F6-9E8E-2F7EB520A9DB}.Release|Any CPU.Build.0 = Release|Any CPU
		{5EAFC9CA-3011-417B-8795-BAFE860CA4D7}.Debug|Any CPU.ActiveCfg = Debug|Any CPU
		{5EAFC9CA-3011-417B-8795-BAFE860CA4D7}.Debug|Any CPU.Build.0 = Debug|Any CPU
		{5EAFC9CA-3011-417B-8795-BAFE860CA4D7}.Release|Any CPU.ActiveCfg = Release|Any CPU
		{5EAFC9CA-3011-417B-8795-BAFE860CA4D7}.Release|Any CPU.Build.0 = Release|Any CPU
		{F9A744CD-6B7E-4FBE-BFC9-F1BC19A69EC5}.Debug|Any CPU.ActiveCfg = Debug|Any CPU
		{F9A744CD-6B7E-4FBE-BFC9-F1BC19A69EC5}.Debug|Any CPU.Build.0 = Debug|Any CPU
		{F9A744CD-6B7E-4FBE-BFC9-F1BC19A69EC5}.Release|Any CPU.ActiveCfg = Release|Any CPU
		{F9A744CD-6B7E-4FBE-BFC9-F1BC19A69EC5}.Release|Any CPU.Build.0 = Release|Any CPU
		{86045AFE-1149-4CD1-BB0D-2B277B41C3DE}.Debug|Any CPU.ActiveCfg = Debug|Any CPU
		{86045AFE-1149-4CD1-BB0D-2B277B41C3DE}.Debug|Any CPU.Build.0 = Debug|Any CPU
		{86045AFE-1149-4CD1-BB0D-2B277B41C3DE}.Release|Any CPU.ActiveCfg = Release|Any CPU
		{86045AFE-1149-4CD1-BB0D-2B277B41C3DE}.Release|Any CPU.Build.0 = Release|Any CPU
	EndGlobalSection
	GlobalSection(SolutionProperties) = preSolution
		HideSolutionNode = FALSE
	EndGlobalSection
	GlobalSection(NestedProjects) = preSolution
		{A79691AF-DDD4-43F6-9E8E-2F7EB520A9DB} = {92B6752E-3E95-4953-B185-5844C7C1B1AB}
		{5EAFC9CA-3011-417B-8795-BAFE860CA4D7} = {92B6752E-3E95-4953-B185-5844C7C1B1AB}
		{F9A744CD-6B7E-4FBE-BFC9-F1BC19A69EC5} = {92B6752E-3E95-4953-B185-5844C7C1B1AB}
		{86045AFE-1149-4CD1-BB0D-2B277B41C3DE} = {92B6752E-3E95-4953-B185-5844C7C1B1AB}
	EndGlobalSection
	GlobalSection(ExtensibilityGlobals) = postSolution
		SolutionGuid = {E94D6A5E-21FD-44D5-A33C-DBC63B6B8541}
	EndGlobalSection
EndGlobal
